
Microsoft Visual Studio Solution File, Format Version 12.00
Project("{FAE04EC0-301F-11D3-BF4B-00C04F79EFBC}") = "Laboratorna_8_1_ITER", "Laboratorna_8_1_ITER\Laboratorna_8_1_ITER.csproj", "{A8E97384-BB9C-403B-9ABE-E1807896F878}"
EndProject
Project("{FAE04EC0-301F-11D3-BF4B-00C04F79EFBC}") = "Laboratorna_8_1_ITER.Tests", "Laboratorna_8_1_ITER.Tests\Laboratorna_8_1_ITER.Tests.csproj", "{CAF489B8-8D62-4BAE-BB2E-067F179E40FF}"
EndProject
Global
	GlobalSection(SolutionConfigurationPlatforms) = preSolution
		Debug|Any CPU = Debug|Any CPU
		Release|Any CPU = Release|Any CPU
	EndGlobalSection
	GlobalSection(ProjectConfigurationPlatforms) = postSolution
		{A8E97384-BB9C-403B-9ABE-E1807896F878}.Debug|Any CPU.ActiveCfg = Debug|Any CPU
		{A8E97384-BB9C-403B-9ABE-E1807896F878}.Debug|Any CPU.Build.0 = Debug|Any CPU
		{A8E97384-BB9C-403B-9ABE-E1807896F878}.Release|Any CPU.ActiveCfg = Release|Any CPU
		{A8E97384-BB9C-403B-9ABE-E1807896F878}.Release|Any CPU.Build.0 = Release|Any CPU
		{CAF489B8-8D62-4BAE-BB2E-067F179E40FF}.Debug|Any CPU.ActiveCfg = Debug|Any CPU
		{CAF489B8-8D62-4BAE-BB2E-067F179E40FF}.Debug|Any CPU.Build.0 = Debug|Any CPU
		{CAF489B8-8D62-4BAE-BB2E-067F179E40FF}.Release|Any CPU.ActiveCfg = Release|Any CPU
		{CAF489B8-8D62-4BAE-BB2E-067F179E40FF}.Release|Any CPU.Build.0 = Release|Any CPU
	EndGlobalSection
EndGlobal
